
Microsoft Visual Studio Solution File, Format Version 12.00
# Visual Studio 15
VisualStudioVersion = 15.0.26228.13
MinimumVisualStudioVersion = 10.0.40219.1
Project("{FAE04EC0-301F-11D3-BF4B-00C04F79EFBC}") = "FormsRefit.Android", "FormsRefit\FormsRefit.Android\FormsRefit.Android.csproj", "{6BABE70C-3030-483B-ACA0-31D703A8488A}"
EndProject
Project("{FAE04EC0-301F-11D3-BF4B-00C04F79EFBC}") = "FormsRefit", "FormsRefit\FormsRefit\FormsRefit.csproj", "{BF475F8B-E977-4079-A110-3EA00C80B04F}"
EndProject
Global
	GlobalSection(SolutionConfigurationPlatforms) = preSolution
		Ad-Hoc|Any CPU = Ad-Hoc|Any CPU
		Ad-Hoc|iPhone = Ad-Hoc|iPhone
		Ad-Hoc|iPhoneSimulator = Ad-Hoc|iPhoneSimulator
		AppStore|Any CPU = AppStore|Any CPU
		AppStore|iPhone = AppStore|iPhone
		AppStore|iPhoneSimulator = AppStore|iPhoneSimulator
		Debug|Any CPU = Debug|Any CPU
		Debug|iPhone = Debug|iPhone
		Debug|iPhoneSimulator = Debug|iPhoneSimulator
		Release|Any CPU = Release|Any CPU
		Release|iPhone = Release|iPhone
		Release|iPhoneSimulator = Release|iPhoneSimulator
	EndGlobalSection
	GlobalSection(ProjectConfigurationPlatforms) = postSolution
		{6BABE70C-3030-483B-ACA0-31D703A8488A}.Ad-Hoc|Any CPU.ActiveCfg = Release|Any CPU
		{6BABE70C-3030-483B-ACA0-31D703A8488A}.Ad-Hoc|Any CPU.Build.0 = Release|Any CPU
		{6BABE70C-3030-483B-ACA0-31D703A8488A}.Ad-Hoc|Any CPU.Deploy.0 = Release|Any CPU
		{6BABE70C-3030-483B-ACA0-31D703A8488A}.Ad-Hoc|iPhone.ActiveCfg = Release|Any CPU
		{6BABE70C-3030-483B-ACA0-31D703A8488A}.Ad-Hoc|iPhone.Build.0 = Release|Any CPU
		{6BABE70C-3030-483B-ACA0-31D703A8488A}.Ad-Hoc|iPhone.Deploy.0 = Release|Any CPU
		{6BABE70C-3030-483B-ACA0-31D703A8488A}.Ad-Hoc|iPhoneSimulator.ActiveCfg = Release|Any CPU
		{6BABE70C-3030-483B-ACA0-31D703A8488A}.Ad-Hoc|iPhoneSimulator.Build.0 = Release|Any CPU
		{6BABE70C-3030-483B-ACA0-31D703A8488A}.Ad-Hoc|iPhoneSimulator.Deploy.0 = Release|Any CPU
		{6BABE70C-3030-483B-ACA0-31D703A8488A}.AppStore|Any CPU.ActiveCfg = Release|Any CPU
		{6BABE70C-3030-483B-ACA0-31D703A8488A}.AppStore|Any CPU.Build.0 = Release|Any CPU
		{6BABE70C-3030-483B-ACA0-31D703A8488A}.AppStore|Any CPU.Deploy.0 = Release|Any CPU
		{6BABE70C-3030-483B-ACA0-31D703A8488A}.AppStore|iPhone.ActiveCfg = Release|Any CPU
		{6BABE70C-3030-483B-ACA0-31D703A8488A}.AppStore|iPhone.Build.0 = Release|Any CPU
		{6BABE70C-3030-483B-ACA0-31D703A8488A}.AppStore|iPhone.Deploy.0 = Release|Any CPU
		{6BABE70C-3030-483B-ACA0-31D703A8488A}.AppStore|iPhoneSimulator.ActiveCfg = Release|Any CPU
		{6BABE70C-3030-483B-ACA0-31D703A8488A}.AppStore|iPhoneSimulator.Build.0 = Release|Any CPU
		{6BABE70C-3030-483B-ACA0-31D703A8488A}.AppStore|iPhoneSimulator.Deploy.0 = Release|Any CPU
		{6BABE70C-3030-483B-ACA0-31D703A8488A}.Debug|Any CPU.ActiveCfg = Debug|Any CPU
		{6BABE70C-3030-483B-ACA0-31D703A8488A}.Debug|Any CPU.Build.0 = Debug|Any CPU
		{6BABE70C-3030-483B-ACA0-31D703A8488A}.Debug|Any CPU.Deploy.0 = Debug|Any CPU
		{6BABE70C-3030-483B-ACA0-31D703A8488A}.Debug|iPhone.ActiveCfg = Debug|Any CPU
		{6BABE70C-3030-483B-ACA0-31D703A8488A}.Debug|iPhone.Build.0 = Debug|Any CPU
		{6BABE70C-3030-483B-ACA0-31D703A8488A}.Debug|iPhone.Deploy.0 = Debug|Any CPU
		{6BABE70C-3030-483B-ACA0-31D703A8488A}.Debug|iPhoneSimulator.ActiveCfg = Debug|Any CPU
		{6BABE70C-3030-483B-ACA0-31D703A8488A}.Debug|iPhoneSimulator.Build.0 = Debug|Any CPU
		{6BABE70C-3030-483B-ACA0-31D703A8488A}.Debug|iPhoneSimulator.Deploy.0 = Debug|Any CPU
		{6BABE70C-3030-483B-ACA0-31D703A8488A}.Release|Any CPU.ActiveCfg = Release|Any CPU
		{6BABE70C-3030-483B-ACA0-31D703A8488A}.Release|Any CPU.Build.0 = Release|Any CPU
		{6BABE70C-3030-483B-ACA0-31D703A8488A}.Release|Any CPU.Deploy.0 = Release|Any CPU
		{6BABE70C-3030-483B-ACA0-31D703A8488A}.Release|iPhone.ActiveCfg = Release|Any CPU
		{6BABE70C-3030-483B-ACA0-31D703A8488A}.Release|iPhone.Build.0 = Release|Any CPU
		{6BABE70C-3030-483B-ACA0-31D703A8488A}.Release|iPhone.Deploy.0 = Release|Any CPU
		{6BABE70C-3030-483B-ACA0-31D703A8488A}.Release|iPhoneSimulator.ActiveCfg = Release|Any CPU
		{6BABE70C-3030-483B-ACA0-31D703A8488A}.Release|iPhoneSimulator.Build.0 = Release|Any CPU
		{6BABE70C-3030-483B-ACA0-31D703A8488A}.Release|iPhoneSimulator.Deploy.0 = Release|Any CPU
		{BF475F8B-E977-4079-A110-3EA00C80B04F}.Ad-Hoc|Any CPU.ActiveCfg = Release|Any CPU
		{BF475F8B-E977-4079-A110-3EA00C80B04F}.Ad-Hoc|Any CPU.Build.0 = Release|Any CPU
		{BF475F8B-E977-4079-A110-3EA00C80B04F}.Ad-Hoc|iPhone.ActiveCfg = Release|Any CPU
		{BF475F8B-E977-4079-A110-3EA00C80B04F}.Ad-Hoc|iPhone.Build.0 = Release|Any CPU
		{BF475F8B-E977-4079-A110-3EA00C80B04F}.Ad-Hoc|iPhoneSimulator.ActiveCfg = Release|Any CPU
		{BF475F8B-E977-4079-A110-3EA00C80B04F}.Ad-Hoc|iPhoneSimulator.Build.0 = Release|Any CPU
		{BF475F8B-E977-4079-A110-3EA00C80B04F}.AppStore|Any CPU.ActiveCfg = Release|Any CPU
		{BF475F8B-E977-4079-A110-3EA00C80B04F}.AppStore|Any CPU.Build.0 = Release|Any CPU
		{BF475F8B-E977-4079-A110-3EA00C80B04F}.AppStore|iPhone.ActiveCfg = Release|Any CPU
		{BF475F8B-E977-4079-A110-3EA00C80B04F}.AppStore|iPhone.Build.0 = Release|Any CPU
		{BF475F8B-E977-4079-A110-3EA00C80B04F}.AppStore|iPhoneSimulator.ActiveCfg = Release|Any CPU
		{BF475F8B-E977-4079-A110-3EA00C80B04F}.AppStore|iPhoneSimulator.Build.0 = Release|Any CPU
		{BF475F8B-E977-4079-A110-3EA00C80B04F}.Debug|Any CPU.ActiveCfg = Debug|Any CPU
		{BF475F8B-E977-4079-A110-3EA00C80B04F}.Debug|Any CPU.Build.0 = Debug|Any CPU
		{BF475F8B-E977-4079-A110-3EA00C80B04F}.Debug|iPhone.ActiveCfg = Debug|Any CPU
		{BF475F8B-E977-4079-A110-3EA00C80B04F}.Debug|iPhone.Build.0 = Debug|Any CPU
		{BF475F8B-E977-4079-A110-3EA00C80B04F}.Debug|iPhoneSimulator.ActiveCfg = Debug|Any CPU
		{BF475F8B-E977-4079-A110-3EA00C80B04F}.Debug|iPhoneSimulator.Build.0 = Debug|Any CPU
		{BF475F8B-E977-4079-A110-3EA00C80B04F}.Release|Any CPU.ActiveCfg = Release|Any CPU
		{BF475F8B-E977-4079-A110-3EA00C80B04F}.Release|Any CPU.Build.0 = Release|Any CPU
		{BF475F8B-E977-4079-A110-3EA00C80B04F}.Release|iPhone.ActiveCfg = Release|Any CPU
		{BF475F8B-E977-4079-A110-3EA00C80B04F}.Release|iPhone.Build.0 = Release|Any CPU
		{BF475F8B-E977-4079-A110-3EA00C80B04F}.Release|iPhoneSimulator.ActiveCfg = Release|Any CPU
		{BF475F8B-E977-4079-A110-3EA00C80B04F}.Release|iPhoneSimulator.Build.0 = Release|Any CPU
	EndGlobalSection
	GlobalSection(SolutionProperties) = preSolution
		HideSolutionNode = FALSE
	EndGlobalSection
EndGlobal
